
Microsoft Visual Studio Solution File, Format Version 11.00
# Visual Studio 2010
Project("{FAE04EC0-301F-11D3-BF4B-00C04F79EFBC}") = "LC_174Dungeon Game", "LC_174Dungeon Game\LC_174Dungeon Game.csproj", "{EC65E1F9-345E-4B04-BF13-AA9A03ED4FEC}"
EndProject
Global
	GlobalSection(SolutionConfigurationPlatforms) = preSolution
		Debug|x86 = Debug|x86
		Release|x86 = Release|x86
	EndGlobalSection
	GlobalSection(ProjectConfigurationPlatforms) = postSolution
		{EC65E1F9-345E-4B04-BF13-AA9A03ED4FEC}.Debug|x86.ActiveCfg = Debug|x86
		{EC65E1F9-345E-4B04-BF13-AA9A03ED4FEC}.Debug|x86.Build.0 = Debug|x86
		{EC65E1F9-345E-4B04-BF13-AA9A03ED4FEC}.Release|x86.ActiveCfg = Release|x86
		{EC65E1F9-345E-4B04-BF13-AA9A03ED4FEC}.Release|x86.Build.0 = Release|x86
	EndGlobalSection
	GlobalSection(SolutionProperties) = preSolution
		HideSolutionNode = FALSE
	EndGlobalSection
EndGlobal
